
Microsoft Visual Studio Solution File, Format Version 12.00
# Visual Studio 15
VisualStudioVersion = 15.0.27703.2042
MinimumVisualStudioVersion = 10.0.40219.1
Project("{FAE04EC0-301F-11D3-BF4B-00C04F79EFBC}") = "CommonTools", "CommonTools.csproj", "{A9054400-5A16-480D-AAE0-7F17A69EFC25}"
EndProject
Global
	GlobalSection(SolutionConfigurationPlatforms) = preSolution
		Debug|Any CPU = Debug|Any CPU
		Release|Any CPU = Release|Any CPU
	EndGlobalSection
	GlobalSection(ProjectConfigurationPlatforms) = postSolution
		{A9054400-5A16-480D-AAE0-7F17A69EFC25}.Debug|Any CPU.ActiveCfg = Debug|Any CPU
		{A9054400-5A16-480D-AAE0-7F17A69EFC25}.Debug|Any CPU.Build.0 = Debug|Any CPU
		{A9054400-5A16-480D-AAE0-7F17A69EFC25}.Release|Any CPU.ActiveCfg = Release|Any CPU
		{A9054400-5A16-480D-AAE0-7F17A69EFC25}.Release|Any CPU.Build.0 = Release|Any CPU
	EndGlobalSection
	GlobalSection(SolutionProperties) = preSolution
		HideSolutionNode = FALSE
	EndGlobalSection
	GlobalSection(ExtensibilityGlobals) = postSolution
		SolutionGuid = {2BCD8297-8FD5-4F13-A32C-49F4DA6D5C45}
	EndGlobalSection
EndGlobal
